
Microsoft Visual Studio Solution File, Format Version 12.00
# Visual Studio Version 17
VisualStudioVersion = 17.5.33502.453
MinimumVisualStudioVersion = 10.0.40219.1
Project("{FAE04EC0-301F-11D3-BF4B-00C04F79EFBC}") = "SklepKsiegarniaMvcUI", "SklepKsiegarniaMvcUI\SklepKsiegarniaMvcUI.csproj", "{EBDD1376-0AA0-46B5-9B80-22647EB41F92}"
EndProject
Global
	GlobalSection(SolutionConfigurationPlatforms) = preSolution
		Debug|Any CPU = Debug|Any CPU
		Release|Any CPU = Release|Any CPU
	EndGlobalSection
	GlobalSection(ProjectConfigurationPlatforms) = postSolution
		{EBDD1376-0AA0-46B5-9B80-22647EB41F92}.Debug|Any CPU.ActiveCfg = Debug|Any CPU
		{EBDD1376-0AA0-46B5-9B80-22647EB41F92}.Debug|Any CPU.Build.0 = Debug|Any CPU
		{EBDD1376-0AA0-46B5-9B80-22647EB41F92}.Release|Any CPU.ActiveCfg = Release|Any CPU
		{EBDD1376-0AA0-46B5-9B80-22647EB41F92}.Release|Any CPU.Build.0 = Release|Any CPU
	EndGlobalSection
	GlobalSection(SolutionProperties) = preSolution
		HideSolutionNode = FALSE
	EndGlobalSection
	GlobalSection(ExtensibilityGlobals) = postSolution
		SolutionGuid = {0AED3787-32AC-4A3F-94F7-C088D5FB5E50}
	EndGlobalSection
EndGlobal
